
Microsoft Visual Studio Solution File, Format Version 10.00
# Visual Studio 2008
Project("{8BC9CEB8-8B4A-11D0-8D11-00A0C91BC942}") = "excel", "excel\excel.vcproj", "{4DC812DD-F6FD-4767-BB21-A6D030A3373D}"
EndProject
Global
	GlobalSection(SolutionConfigurationPlatforms) = preSolution
		Debug|Win32 = Debug|Win32
		Release|Win32 = Release|Win32
	EndGlobalSection
	GlobalSection(ProjectConfigurationPlatforms) = postSolution
		{4DC812DD-F6FD-4767-BB21-A6D030A3373D}.Debug|Win32.ActiveCfg = Debug|Win32
		{4DC812DD-F6FD-4767-BB21-A6D030A3373D}.Debug|Win32.Build.0 = Debug|Win32
		{4DC812DD-F6FD-4767-BB21-A6D030A3373D}.Release|Win32.ActiveCfg = Release|Win32
		{4DC812DD-F6FD-4767-BB21-A6D030A3373D}.Release|Win32.Build.0 = Release|Win32
	EndGlobalSection
	GlobalSection(SolutionProperties) = preSolution
		HideSolutionNode = FALSE
	EndGlobalSection
EndGlobal
