
Microsoft Visual Studio Solution File, Format Version 12.00
# Visual Studio Version 16
VisualStudioVersion = 16.0.28729.10
MinimumVisualStudioVersion = 10.0.40219.1
Project("{8BC9CEB8-8B4A-11D0-8D11-00A0C91BC942}") = "Stranded", "Stranded\Stranded.vcxproj", "{C70A40B2-F687-426F-A1BD-5770966B8D4C}"
	ProjectSection(ProjectDependencies) = postProject
		{E655456D-E92A-4123-B381-35AA61554BB5} = {E655456D-E92A-4123-B381-35AA61554BB5}
		{73550B87-7F50-4D33-B279-5A2E3876D5BF} = {73550B87-7F50-4D33-B279-5A2E3876D5BF}
		{1BCB618E-9B27-4759-AC35-06DD2FE03196} = {1BCB618E-9B27-4759-AC35-06DD2FE03196}
	EndProjectSection
EndProject
Project("{8BC9CEB8-8B4A-11D0-8D11-00A0C91BC942}") = "StrandedEngine", "StrandedEngine\StrandedEngine.vcxproj", "{73550B87-7F50-4D33-B279-5A2E3876D5BF}"
EndProject
Project("{8BC9CEB8-8B4A-11D0-8D11-00A0C91BC942}") = "Common", "Common\Common.vcxproj", "{E655456D-E92A-4123-B381-35AA61554BB5}"
EndProject
Project("{8BC9CEB8-8B4A-11D0-8D11-00A0C91BC942}") = "Network", "Network\Network.vcxproj", "{1BCB618E-9B27-4759-AC35-06DD2FE03196}"
	ProjectSection(ProjectDependencies) = postProject
		{E655456D-E92A-4123-B381-35AA61554BB5} = {E655456D-E92A-4123-B381-35AA61554BB5}
	EndProjectSection
EndProject
Project("{8BC9CEB8-8B4A-11D0-8D11-00A0C91BC942}") = "test", "test\test.vcxproj", "{2DD3E89D-A15C-4BB5-A221-651E3800F757}"
EndProject
Project("{888888A0-9F3D-457C-B088-3A5042F75D52}") = "python", "python\python.pyproj", "{C0DE5A6D-447E-49EE-8650-695B11F47859}"
EndProject
Project("{8BC9CEB8-8B4A-11D0-8D11-00A0C91BC942}") = "Algorithm", "Algorithm\Algorithm.vcxproj", "{43B85445-8870-4CFF-A775-9F7A85ECC07D}"
EndProject
Project("{8BC9CEB8-8B4A-11D0-8D11-00A0C91BC942}") = "MultiThread", "MultiThread\MultiThread.vcxproj", "{6E958078-B55A-4F3C-96B7-B7A01339265D}"
EndProject
Project("{2150E333-8FDC-42A3-9474-1A3956D46DE8}") = "tools", "tools", "{1DB0F03D-CFB8-4F09-AD54-3A3155D857BF}"
EndProject
Project("{8BC9CEB8-8B4A-11D0-8D11-00A0C91BC942}") = "ChineseChess", "tools\ChineseChess\ChineseChess.vcxproj", "{333F3D98-3C31-48A4-912F-2FAF227DE410}"
EndProject
Project("{8BC9CEB8-8B4A-11D0-8D11-00A0C91BC942}") = "tetris", "tools\tetris\tetris.vcxproj", "{ADB2FEA3-86AF-4887-8BAD-921F8888D107}"
EndProject
Project("{8BC9CEB8-8B4A-11D0-8D11-00A0C91BC942}") = "WWWHtml", "tools\WWWHtml\WWWHtml.vcxproj", "{4D9D47AE-D689-49B8-86B8-B663C0D424E2}"
EndProject
Project("{8BC9CEB8-8B4A-11D0-8D11-00A0C91BC942}") = "xls2lua", "tools\xls2lua\xls2lua.vcxproj", "{EBC850E6-8E97-4323-8A81-7E8C45FF19B7}"
EndProject
Project("{2150E333-8FDC-42A3-9474-1A3956D46DE8}") = "ThirdParty", "ThirdParty", "{0F94C6F0-5188-412A-92E6-E9294080D1C6}"
EndProject
Project("{8BC9CEB8-8B4A-11D0-8D11-00A0C91BC942}") = "lua", "ThirdParty\lua\lua.vcxproj", "{38A89E31-812D-4289-8C05-2C5295AC0136}"
EndProject
Project("{8BC9CEB8-8B4A-11D0-8D11-00A0C91BC942}") = "luac", "ThirdParty\luac\luac.vcxproj", "{F8080591-6381-44AE-AAEA-7682072EB012}"
EndProject
Project("{8BC9CEB8-8B4A-11D0-8D11-00A0C91BC942}") = "luai", "ThirdParty\luai\luai.vcxproj", "{F8B685C1-373F-41A0-AE86-54E1A5D32CC3}"
EndProject
Global
	GlobalSection(SolutionConfigurationPlatforms) = preSolution
		Debug|Any CPU = Debug|Any CPU
		Debug|Mixed Platforms = Debug|Mixed Platforms
		Debug|Win32 = Debug|Win32
		Debug|x64 = Debug|x64
		Release|Any CPU = Release|Any CPU
		Release|Mixed Platforms = Release|Mixed Platforms
		Release|Win32 = Release|Win32
		Release|x64 = Release|x64
	EndGlobalSection
	GlobalSection(ProjectConfigurationPlatforms) = postSolution
		{C70A40B2-F687-426F-A1BD-5770966B8D4C}.Debug|Any CPU.ActiveCfg = Debug|Win32
		{C70A40B2-F687-426F-A1BD-5770966B8D4C}.Debug|Mixed Platforms.ActiveCfg = Debug|Win32
		{C70A40B2-F687-426F-A1BD-5770966B8D4C}.Debug|Mixed Platforms.Build.0 = Debug|Win32
		{C70A40B2-F687-426F-A1BD-5770966B8D4C}.Debug|Win32.ActiveCfg = Debug|Win32
		{C70A40B2-F687-426F-A1BD-5770966B8D4C}.Debug|Win32.Build.0 = Debug|Win32
		{C70A40B2-F687-426F-A1BD-5770966B8D4C}.Debug|x64.ActiveCfg = Debug|Win32
		{C70A40B2-F687-426F-A1BD-5770966B8D4C}.Release|Any CPU.ActiveCfg = Release|Win32
		{C70A40B2-F687-426F-A1BD-5770966B8D4C}.Release|Mixed Platforms.ActiveCfg = Release|Win32
		{C70A40B2-F687-426F-A1BD-5770966B8D4C}.Release|Mixed Platforms.Build.0 = Release|Win32
		{C70A40B2-F687-426F-A1BD-5770966B8D4C}.Release|Win32.ActiveCfg = Release|Win32
		{C70A40B2-F687-426F-A1BD-5770966B8D4C}.Release|Win32.Build.0 = Release|Win32
		{C70A40B2-F687-426F-A1BD-5770966B8D4C}.Release|x64.ActiveCfg = Release|Win32
		{73550B87-7F50-4D33-B279-5A2E3876D5BF}.Debug|Any CPU.ActiveCfg = Debug|Win32
		{73550B87-7F50-4D33-B279-5A2E3876D5BF}.Debug|Mixed Platforms.ActiveCfg = Debug|Win32
		{73550B87-7F50-4D33-B279-5A2E3876D5BF}.Debug|Mixed Platforms.Build.0 = Debug|Win32
		{73550B87-7F50-4D33-B279-5A2E3876D5BF}.Debug|Win32.ActiveCfg = Debug|Win32
		{73550B87-7F50-4D33-B279-5A2E3876D5BF}.Debug|Win32.Build.0 = Debug|Win32
		{73550B87-7F50-4D33-B279-5A2E3876D5BF}.Debug|x64.ActiveCfg = Debug|Win32
		{73550B87-7F50-4D33-B279-5A2E3876D5BF}.Release|Any CPU.ActiveCfg = Release|Win32
		{73550B87-7F50-4D33-B279-5A2E3876D5BF}.Release|Mixed Platforms.ActiveCfg = Release|Win32
		{73550B87-7F50-4D33-B279-5A2E3876D5BF}.Release|Mixed Platforms.Build.0 = Release|Win32
		{73550B87-7F50-4D33-B279-5A2E3876D5BF}.Release|Win32.ActiveCfg = Release|Win32
		{73550B87-7F50-4D33-B279-5A2E3876D5BF}.Release|Win32.Build.0 = Release|Win32
		{73550B87-7F50-4D33-B279-5A2E3876D5BF}.Release|x64.ActiveCfg = Release|Win32
		{E655456D-E92A-4123-B381-35AA61554BB5}.Debug|Any CPU.ActiveCfg = Debug|Win32
		{E655456D-E92A-4123-B381-35AA61554BB5}.Debug|Mixed Platforms.ActiveCfg = Debug|Win32
		{E655456D-E92A-4123-B381-35AA61554BB5}.Debug|Mixed Platforms.Build.0 = Debug|Win32
		{E655456D-E92A-4123-B381-35AA61554BB5}.Debug|Win32.ActiveCfg = Debug|Win32
		{E655456D-E92A-4123-B381-35AA61554BB5}.Debug|Win32.Build.0 = Debug|Win32
		{E655456D-E92A-4123-B381-35AA61554BB5}.Debug|x64.ActiveCfg = Debug|Win32
		{E655456D-E92A-4123-B381-35AA61554BB5}.Release|Any CPU.ActiveCfg = Release|Win32
		{E655456D-E92A-4123-B381-35AA61554BB5}.Release|Mixed Platforms.ActiveCfg = Release|Win32
		{E655456D-E92A-4123-B381-35AA61554BB5}.Release|Mixed Platforms.Build.0 = Release|Win32
		{E655456D-E92A-4123-B381-35AA61554BB5}.Release|Win32.ActiveCfg = Release|Win32
		{E655456D-E92A-4123-B381-35AA61554BB5}.Release|Win32.Build.0 = Release|Win32
		{E655456D-E92A-4123-B381-35AA61554BB5}.Release|x64.ActiveCfg = Release|Win32
		{1BCB618E-9B27-4759-AC35-06DD2FE03196}.Debug|Any CPU.ActiveCfg = Debug|Win32
		{1BCB618E-9B27-4759-AC35-06DD2FE03196}.Debug|Mixed Platforms.ActiveCfg = Debug|Win32
		{1BCB618E-9B27-4759-AC35-06DD2FE03196}.Debug|Mixed Platforms.Build.0 = Debug|Win32
		{1BCB618E-9B27-4759-AC35-06DD2FE03196}.Debug|Win32.ActiveCfg = Debug|Win32
		{1BCB618E-9B27-4759-AC35-06DD2FE03196}.Debug|Win32.Build.0 = Debug|Win32
		{1BCB618E-9B27-4759-AC35-06DD2FE03196}.Debug|x64.ActiveCfg = Debug|Win32
		{1BCB618E-9B27-4759-AC35-06DD2FE03196}.Release|Any CPU.ActiveCfg = Release|Win32
		{1BCB618E-9B27-4759-AC35-06DD2FE03196}.Release|Mixed Platforms.ActiveCfg = Release|Win32
		{1BCB618E-9B27-4759-AC35-06DD2FE03196}.Release|Mixed Platforms.Build.0 = Release|Win32
		{1BCB618E-9B27-4759-AC35-06DD2FE03196}.Release|Win32.ActiveCfg = Release|Win32
		{1BCB618E-9B27-4759-AC35-06DD2FE03196}.Release|Win32.Build.0 = Release|Win32
		{1BCB618E-9B27-4759-AC35-06DD2FE03196}.Release|x64.ActiveCfg = Release|Win32
		{2DD3E89D-A15C-4BB5-A221-651E3800F757}.Debug|Any CPU.ActiveCfg = Debug|Win32
		{2DD3E89D-A15C-4BB5-A221-651E3800F757}.Debug|Mixed Platforms.ActiveCfg = Debug|Win32
		{2DD3E89D-A15C-4BB5-A221-651E3800F757}.Debug|Mixed Platforms.Build.0 = Debug|Win32
		{2DD3E89D-A15C-4BB5-A221-651E3800F757}.Debug|Win32.ActiveCfg = Debug|Win32
		{2DD3E89D-A15C-4BB5-A221-651E3800F757}.Debug|Win32.Build.0 = Debug|Win32
		{2DD3E89D-A15C-4BB5-A221-651E3800F757}.Debug|x64.ActiveCfg = Debug|Win32
		{2DD3E89D-A15C-4BB5-A221-651E3800F757}.Release|Any CPU.ActiveCfg = Release|Win32
		{2DD3E89D-A15C-4BB5-A221-651E3800F757}.Release|Mixed Platforms.ActiveCfg = Release|Win32
		{2DD3E89D-A15C-4BB5-A221-651E3800F757}.Release|Mixed Platforms.Build.0 = Release|Win32
		{2DD3E89D-A15C-4BB5-A221-651E3800F757}.Release|Win32.ActiveCfg = Release|Win32
		{2DD3E89D-A15C-4BB5-A221-651E3800F757}.Release|Win32.Build.0 = Release|Win32
		{2DD3E89D-A15C-4BB5-A221-651E3800F757}.Release|x64.ActiveCfg = Release|Win32
		{C0DE5A6D-447E-49EE-8650-695B11F47859}.Debug|Any CPU.ActiveCfg = Debug|Any CPU
		{C0DE5A6D-447E-49EE-8650-695B11F47859}.Debug|Mixed Platforms.ActiveCfg = Debug|Any CPU
		{C0DE5A6D-447E-49EE-8650-695B11F47859}.Debug|Win32.ActiveCfg = Debug|Any CPU
		{C0DE5A6D-447E-49EE-8650-695B11F47859}.Debug|x64.ActiveCfg = Debug|Any CPU
		{C0DE5A6D-447E-49EE-8650-695B11F47859}.Release|Any CPU.ActiveCfg = Release|Any CPU
		{C0DE5A6D-447E-49EE-8650-695B11F47859}.Release|Mixed Platforms.ActiveCfg = Release|Any CPU
		{C0DE5A6D-447E-49EE-8650-695B11F47859}.Release|Win32.ActiveCfg = Release|Any CPU
		{C0DE5A6D-447E-49EE-8650-695B11F47859}.Release|x64.ActiveCfg = Release|Any CPU
		{43B85445-8870-4CFF-A775-9F7A85ECC07D}.Debug|Any CPU.ActiveCfg = Debug|Win32
		{43B85445-8870-4CFF-A775-9F7A85ECC07D}.Debug|Mixed Platforms.ActiveCfg = Debug|Win32
		{43B85445-8870-4CFF-A775-9F7A85ECC07D}.Debug|Mixed Platforms.Build.0 = Debug|Win32
		{43B85445-8870-4CFF-A775-9F7A85ECC07D}.Debug|Win32.ActiveCfg = Debug|Win32
		{43B85445-8870-4CFF-A775-9F7A85ECC07D}.Debug|Win32.Build.0 = Debug|Win32
		{43B85445-8870-4CFF-A775-9F7A85ECC07D}.Debug|x64.ActiveCfg = Debug|x64
		{43B85445-8870-4CFF-A775-9F7A85ECC07D}.Debug|x64.Build.0 = Debug|x64
		{43B85445-8870-4CFF-A775-9F7A85ECC07D}.Release|Any CPU.ActiveCfg = Release|Win32
		{43B85445-8870-4CFF-A775-9F7A85ECC07D}.Release|Mixed Platforms.ActiveCfg = Release|Win32
		{43B85445-8870-4CFF-A775-9F7A85ECC07D}.Release|Mixed Platforms.Build.0 = Release|Win32
		{43B85445-8870-4CFF-A775-9F7A85ECC07D}.Release|Win32.ActiveCfg = Release|Win32
		{43B85445-8870-4CFF-A775-9F7A85ECC07D}.Release|Win32.Build.0 = Release|Win32
		{43B85445-8870-4CFF-A775-9F7A85ECC07D}.Release|x64.ActiveCfg = Release|x64
		{43B85445-8870-4CFF-A775-9F7A85ECC07D}.Release|x64.Build.0 = Release|x64
		{6E958078-B55A-4F3C-96B7-B7A01339265D}.Debug|Any CPU.ActiveCfg = Debug|Win32
		{6E958078-B55A-4F3C-96B7-B7A01339265D}.Debug|Mixed Platforms.ActiveCfg = Debug|Win32
		{6E958078-B55A-4F3C-96B7-B7A01339265D}.Debug|Mixed Platforms.Build.0 = Debug|Win32
		{6E958078-B55A-4F3C-96B7-B7A01339265D}.Debug|Win32.ActiveCfg = Debug|Win32
		{6E958078-B55A-4F3C-96B7-B7A01339265D}.Debug|Win32.Build.0 = Debug|Win32
		{6E958078-B55A-4F3C-96B7-B7A01339265D}.Debug|x64.ActiveCfg = Debug|x64
		{6E958078-B55A-4F3C-96B7-B7A01339265D}.Debug|x64.Build.0 = Debug|x64
		{6E958078-B55A-4F3C-96B7-B7A01339265D}.Release|Any CPU.ActiveCfg = Release|Win32
		{6E958078-B55A-4F3C-96B7-B7A01339265D}.Release|Mixed Platforms.ActiveCfg = Release|Win32
		{6E958078-B55A-4F3C-96B7-B7A01339265D}.Release|Mixed Platforms.Build.0 = Release|Win32
		{6E958078-B55A-4F3C-96B7-B7A01339265D}.Release|Win32.ActiveCfg = Release|Win32
		{6E958078-B55A-4F3C-96B7-B7A01339265D}.Release|Win32.Build.0 = Release|Win32
		{6E958078-B55A-4F3C-96B7-B7A01339265D}.Release|x64.ActiveCfg = Release|x64
		{6E958078-B55A-4F3C-96B7-B7A01339265D}.Release|x64.Build.0 = Release|x64
		{333F3D98-3C31-48A4-912F-2FAF227DE410}.Debug|Any CPU.ActiveCfg = Debug|Win32
		{333F3D98-3C31-48A4-912F-2FAF227DE410}.Debug|Mixed Platforms.ActiveCfg = Debug|Win32
		{333F3D98-3C31-48A4-912F-2FAF227DE410}.Debug|Mixed Platforms.Build.0 = Debug|Win32
		{333F3D98-3C31-48A4-912F-2FAF227DE410}.Debug|Win32.ActiveCfg = Debug|Win32
		{333F3D98-3C31-48A4-912F-2FAF227DE410}.Debug|Win32.Build.0 = Debug|Win32
		{333F3D98-3C31-48A4-912F-2FAF227DE410}.Debug|x64.ActiveCfg = Debug|x64
		{333F3D98-3C31-48A4-912F-2FAF227DE410}.Debug|x64.Build.0 = Debug|x64
		{333F3D98-3C31-48A4-912F-2FAF227DE410}.Release|Any CPU.ActiveCfg = Release|Win32
		{333F3D98-3C31-48A4-912F-2FAF227DE410}.Release|Mixed Platforms.ActiveCfg = Release|Win32
		{333F3D98-3C31-48A4-912F-2FAF227DE410}.Release|Mixed Platforms.Build.0 = Release|Win32
		{333F3D98-3C31-48A4-912F-2FAF227DE410}.Release|Win32.ActiveCfg = Release|Win32
		{333F3D98-3C31-48A4-912F-2FAF227DE410}.Release|Win32.Build.0 = Release|Win32
		{333F3D98-3C31-48A4-912F-2FAF227DE410}.Release|x64.ActiveCfg = Release|x64
		{333F3D98-3C31-48A4-912F-2FAF227DE410}.Release|x64.Build.0 = Release|x64
		{ADB2FEA3-86AF-4887-8BAD-921F8888D107}.Debug|Any CPU.ActiveCfg = Debug|Win32
		{ADB2FEA3-86AF-4887-8BAD-921F8888D107}.Debug|Mixed Platforms.ActiveCfg = Debug|Win32
		{ADB2FEA3-86AF-4887-8BAD-921F8888D107}.Debug|Mixed Platforms.Build.0 = Debug|Win32
		{ADB2FEA3-86AF-4887-8BAD-921F8888D107}.Debug|Win32.ActiveCfg = Debug|Win32
		{ADB2FEA3-86AF-4887-8BAD-921F8888D107}.Debug|Win32.Build.0 = Debug|Win32
		{ADB2FEA3-86AF-4887-8BAD-921F8888D107}.Debug|x64.ActiveCfg = Debug|Win32
		{ADB2FEA3-86AF-4887-8BAD-921F8888D107}.Release|Any CPU.ActiveCfg = Release|Win32
		{ADB2FEA3-86AF-4887-8BAD-921F8888D107}.Release|Mixed Platforms.ActiveCfg = Release|Win32
		{ADB2FEA3-86AF-4887-8BAD-921F8888D107}.Release|Mixed Platforms.Build.0 = Release|Win32
		{ADB2FEA3-86AF-4887-8BAD-921F8888D107}.Release|Win32.ActiveCfg = Release|Win32
		{ADB2FEA3-86AF-4887-8BAD-921F8888D107}.Release|Win32.Build.0 = Release|Win32
		{ADB2FEA3-86AF-4887-8BAD-921F8888D107}.Release|x64.ActiveCfg = Release|Win32
		{4D9D47AE-D689-49B8-86B8-B663C0D424E2}.Debug|Any CPU.ActiveCfg = Debug|Win32
		{4D9D47AE-D689-49B8-86B8-B663C0D424E2}.Debug|Mixed Platforms.ActiveCfg = Debug|Win32
		{4D9D47AE-D689-49B8-86B8-B663C0D424E2}.Debug|Mixed Platforms.Build.0 = Debug|Win32
		{4D9D47AE-D689-49B8-86B8-B663C0D424E2}.Debug|Win32.ActiveCfg = Debug|Win32
		{4D9D47AE-D689-49B8-86B8-B663C0D424E2}.Debug|Win32.Build.0 = Debug|Win32
		{4D9D47AE-D689-49B8-86B8-B663C0D424E2}.Debug|x64.ActiveCfg = Debug|x64
		{4D9D47AE-D689-49B8-86B8-B663C0D424E2}.Debug|x64.Build.0 = Debug|x64
		{4D9D47AE-D689-49B8-86B8-B663C0D424E2}.Release|Any CPU.ActiveCfg = Release|Win32
		{4D9D47AE-D689-49B8-86B8-B663C0D424E2}.Release|Mixed Platforms.ActiveCfg = Release|Win32
		{4D9D47AE-D689-49B8-86B8-B663C0D424E2}.Release|Mixed Platforms.Build.0 = Release|Win32
		{4D9D47AE-D689-49B8-86B8-B663C0D424E2}.Release|Win32.ActiveCfg = Release|Win32
		{4D9D47AE-D689-49B8-86B8-B663C0D424E2}.Release|Win32.Build.0 = Release|Win32
		{4D9D47AE-D689-49B8-86B8-B663C0D424E2}.Release|x64.ActiveCfg = Release|x64
		{4D9D47AE-D689-49B8-86B8-B663C0D424E2}.Release|x64.Build.0 = Release|x64
		{EBC850E6-8E97-4323-8A81-7E8C45FF19B7}.Debug|Any CPU.ActiveCfg = Debug|Win32
		{EBC850E6-8E97-4323-8A81-7E8C45FF19B7}.Debug|Mixed Platforms.ActiveCfg = Debug|Win32
		{EBC850E6-8E97-4323-8A81-7E8C45FF19B7}.Debug|Mixed Platforms.Build.0 = Debug|Win32
		{EBC850E6-8E97-4323-8A81-7E8C45FF19B7}.Debug|Win32.ActiveCfg = Debug|Win32
		{EBC850E6-8E97-4323-8A81-7E8C45FF19B7}.Debug|Win32.Build.0 = Debug|Win32
		{EBC850E6-8E97-4323-8A81-7E8C45FF19B7}.Debug|x64.ActiveCfg = Debug|Win32
		{EBC850E6-8E97-4323-8A81-7E8C45FF19B7}.Release|Any CPU.ActiveCfg = Release|Win32
		{EBC850E6-8E97-4323-8A81-7E8C45FF19B7}.Release|Mixed Platforms.ActiveCfg = Release|Win32
		{EBC850E6-8E97-4323-8A81-7E8C45FF19B7}.Release|Mixed Platforms.Build.0 = Release|Win32
		{EBC850E6-8E97-4323-8A81-7E8C45FF19B7}.Release|Win32.ActiveCfg = Release|Win32
		{EBC850E6-8E97-4323-8A81-7E8C45FF19B7}.Release|Win32.Build.0 = Release|Win32
		{EBC850E6-8E97-4323-8A81-7E8C45FF19B7}.Release|x64.ActiveCfg = Release|Win32
		{38A89E31-812D-4289-8C05-2C5295AC0136}.Debug|Any CPU.ActiveCfg = Debug|Win32
		{38A89E31-812D-4289-8C05-2C5295AC0136}.Debug|Mixed Platforms.ActiveCfg = Debug|Win32
		{38A89E31-812D-4289-8C05-2C5295AC0136}.Debug|Mixed Platforms.Build.0 = Debug|Win32
		{38A89E31-812D-4289-8C05-2C5295AC0136}.Debug|Win32.ActiveCfg = Debug|Win32
		{38A89E31-812D-4289-8C05-2C5295AC0136}.Debug|Win32.Build.0 = Debug|Win32
		{38A89E31-812D-4289-8C05-2C5295AC0136}.Debug|x64.ActiveCfg = Debug|x64
		{38A89E31-812D-4289-8C05-2C5295AC0136}.Debug|x64.Build.0 = Debug|x64
		{38A89E31-812D-4289-8C05-2C5295AC0136}.Release|Any CPU.ActiveCfg = Release|Win32
		{38A89E31-812D-4289-8C05-2C5295AC0136}.Release|Mixed Platforms.ActiveCfg = Release|Win32
		{38A89E31-812D-4289-8C05-2C5295AC0136}.Release|Mixed Platforms.Build.0 = Release|Win32
		{38A89E31-812D-4289-8C05-2C5295AC0136}.Release|Win32.ActiveCfg = Release|Win32
		{38A89E31-812D-4289-8C05-2C5295AC0136}.Release|Win32.Build.0 = Release|Win32
		{38A89E31-812D-4289-8C05-2C5295AC0136}.Release|x64.ActiveCfg = Release|x64
		{38A89E31-812D-4289-8C05-2C5295AC0136}.Release|x64.Build.0 = Release|x64
		{F8080591-6381-44AE-AAEA-7682072EB012}.Debug|Any CPU.ActiveCfg = Debug|Win32
		{F8080591-6381-44AE-AAEA-7682072EB012}.Debug|Mixed Platforms.ActiveCfg = Debug|Win32
		{F8080591-6381-44AE-AAEA-7682072EB012}.Debug|Mixed Platforms.Build.0 = Debug|Win32
		{F8080591-6381-44AE-AAEA-7682072EB012}.Debug|Win32.ActiveCfg = Debug|Win32
		{F8080591-6381-44AE-AAEA-7682072EB012}.Debug|Win32.Build.0 = Debug|Win32
		{F8080591-6381-44AE-AAEA-7682072EB012}.Debug|x64.ActiveCfg = Debug|x64
		{F8080591-6381-44AE-AAEA-7682072EB012}.Debug|x64.Build.0 = Debug|x64
		{F8080591-6381-44AE-AAEA-7682072EB012}.Release|Any CPU.ActiveCfg = Release|Win32
		{F8080591-6381-44AE-AAEA-7682072EB012}.Release|Mixed Platforms.ActiveCfg = Release|Win32
		{F8080591-6381-44AE-AAEA-7682072EB012}.Release|Mixed Platforms.Build.0 = Release|Win32
		{F8080591-6381-44AE-AAEA-7682072EB012}.Release|Win32.ActiveCfg = Release|Win32
		{F8080591-6381-44AE-AAEA-7682072EB012}.Release|Win32.Build.0 = Release|Win32
		{F8080591-6381-44AE-AAEA-7682072EB012}.Release|x64.ActiveCfg = Release|x64
		{F8080591-6381-44AE-AAEA-7682072EB012}.Release|x64.Build.0 = Release|x64
		{F8B685C1-373F-41A0-AE86-54E1A5D32CC3}.Debug|Any CPU.ActiveCfg = Debug|Win32
		{F8B685C1-373F-41A0-AE86-54E1A5D32CC3}.Debug|Mixed Platforms.ActiveCfg = Debug|Win32
		{F8B685C1-373F-41A0-AE86-54E1A5D32CC3}.Debug|Mixed Platforms.Build.0 = Debug|Win32
		{F8B685C1-373F-41A0-AE86-54E1A5D32CC3}.Debug|Win32.ActiveCfg = Debug|Win32
		{F8B685C1-373F-41A0-AE86-54E1A5D32CC3}.Debug|Win32.Build.0 = Debug|Win32
		{F8B685C1-373F-41A0-AE86-54E1A5D32CC3}.Debug|x64.ActiveCfg = Debug|x64
		{F8B685C1-373F-41A0-AE86-54E1A5D32CC3}.Debug|x64.Build.0 = Debug|x64
		{F8B685C1-373F-41A0-AE86-54E1A5D32CC3}.Release|Any CPU.ActiveCfg = Release|Win32
		{F8B685C1-373F-41A0-AE86-54E1A5D32CC3}.Release|Mixed Platforms.ActiveCfg = Release|Win32
		{F8B685C1-373F-41A0-AE86-54E1A5D32CC3}.Release|Mixed Platforms.Build.0 = Release|Win32
		{F8B685C1-373F-41A0-AE86-54E1A5D32CC3}.Release|Win32.ActiveCfg = Release|Win32
		{F8B685C1-373F-41A0-AE86-54E1A5D32CC3}.Release|Win32.Build.0 = Release|Win32
		{F8B685C1-373F-41A0-AE86-54E1A5D32CC3}.Release|x64.ActiveCfg = Release|x64
		{F8B685C1-373F-41A0-AE86-54E1A5D32CC3}.Release|x64.Build.0 = Release|x64
	EndGlobalSection
	GlobalSection(SolutionProperties) = preSolution
		HideSolutionNode = FALSE
	EndGlobalSection
	GlobalSection(NestedProjects) = preSolution
		{333F3D98-3C31-48A4-912F-2FAF227DE410} = {1DB0F03D-CFB8-4F09-AD54-3A3155D857BF}
		{ADB2FEA3-86AF-4887-8BAD-921F8888D107} = {1DB0F03D-CFB8-4F09-AD54-3A3155D857BF}
		{4D9D47AE-D689-49B8-86B8-B663C0D424E2} = {1DB0F03D-CFB8-4F09-AD54-3A3155D857BF}
		{EBC850E6-8E97-4323-8A81-7E8C45FF19B7} = {1DB0F03D-CFB8-4F09-AD54-3A3155D857BF}
		{38A89E31-812D-4289-8C05-2C5295AC0136} = {0F94C6F0-5188-412A-92E6-E9294080D1C6}
		{F8080591-6381-44AE-AAEA-7682072EB012} = {0F94C6F0-5188-412A-92E6-E9294080D1C6}
		{F8B685C1-373F-41A0-AE86-54E1A5D32CC3} = {0F94C6F0-5188-412A-92E6-E9294080D1C6}
	EndGlobalSection
	GlobalSection(ExtensibilityGlobals) = postSolution
		SolutionGuid = {1D569C6E-938A-431E-ACF2-E93E3B192233}
	EndGlobalSection
EndGlobal
